
Microsoft Visual Studio Solution File, Format Version 12.00
# Visual Studio 15
Project("{FAE04EC0-301F-11D3-BF4B-00C04F79EFBC}") = "Assembly-CSharp", "Assembly-CSharp.csproj", "{81934BE9-4FFC-5A6F-CB73-66CEEF753A9B}"
EndProject
Project("{FAE04EC0-301F-11D3-BF4B-00C04F79EFBC}") = "Assembly-CSharp-Editor", "Assembly-CSharp-Editor.csproj", "{3B2D93DB-3932-DEDF-55A2-7AAE9307AFF4}"
EndProject
Global
	GlobalSection(SolutionConfigurationPlatforms) = preSolution
		Debug|Any CPU = Debug|Any CPU
		Release|Any CPU = Release|Any CPU
	EndGlobalSection
	GlobalSection(ProjectConfigurationPlatforms) = postSolution
		{81934BE9-4FFC-5A6F-CB73-66CEEF753A9B}.Debug|Any CPU.ActiveCfg = Debug|Any CPU
		{81934BE9-4FFC-5A6F-CB73-66CEEF753A9B}.Debug|Any CPU.Build.0 = Debug|Any CPU
		{81934BE9-4FFC-5A6F-CB73-66CEEF753A9B}.Release|Any CPU.ActiveCfg = Release|Any CPU
		{81934BE9-4FFC-5A6F-CB73-66CEEF753A9B}.Release|Any CPU.Build.0 = Release|Any CPU
		{3B2D93DB-3932-DEDF-55A2-7AAE9307AFF4}.Debug|Any CPU.ActiveCfg = Debug|Any CPU
		{3B2D93DB-3932-DEDF-55A2-7AAE9307AFF4}.Debug|Any CPU.Build.0 = Debug|Any CPU
		{3B2D93DB-3932-DEDF-55A2-7AAE9307AFF4}.Release|Any CPU.ActiveCfg = Release|Any CPU
		{3B2D93DB-3932-DEDF-55A2-7AAE9307AFF4}.Release|Any CPU.Build.0 = Release|Any CPU
	EndGlobalSection
	GlobalSection(SolutionProperties) = preSolution
		HideSolutionNode = FALSE
	EndGlobalSection
EndGlobal
